
Microsoft Visual Studio Solution File, Format Version 12.00
# Visual Studio Version 16
VisualStudioVersion = 16.0.30717.126
MinimumVisualStudioVersion = 10.0.40219.1
Project("{FAE04EC0-301F-11D3-BF4B-00C04F79EFBC}") = "Deque", "Deque.csproj", "{9E9C9C62-885B-45AD-A733-4BBB099A2A5B}"
EndProject
Global
	GlobalSection(SolutionConfigurationPlatforms) = preSolution
		Debug|Any CPU = Debug|Any CPU
		Release|Any CPU = Release|Any CPU
	EndGlobalSection
	GlobalSection(ProjectConfigurationPlatforms) = postSolution
		{9E9C9C62-885B-45AD-A733-4BBB099A2A5B}.Debug|Any CPU.ActiveCfg = Debug|Any CPU
		{9E9C9C62-885B-45AD-A733-4BBB099A2A5B}.Debug|Any CPU.Build.0 = Debug|Any CPU
		{9E9C9C62-885B-45AD-A733-4BBB099A2A5B}.Release|Any CPU.ActiveCfg = Release|Any CPU
		{9E9C9C62-885B-45AD-A733-4BBB099A2A5B}.Release|Any CPU.Build.0 = Release|Any CPU
	EndGlobalSection
	GlobalSection(SolutionProperties) = preSolution
		HideSolutionNode = FALSE
	EndGlobalSection
	GlobalSection(ExtensibilityGlobals) = postSolution
		SolutionGuid = {5C41C310-9C03-48C9-8D4C-24242FD52F0A}
	EndGlobalSection
EndGlobal
